// !$*UTF8*$!
{
	archiveVersion = 1;
	classes = {
	};
	objectVersion = 77;
	objects = {

/* Begin PBXContainerItemProxy section */
		D7A02B412E37C9C500231678 /* PBXContainerItemProxy */ = {
			isa = PBXContainerItemProxy;
			containerPortal = D7A02B2B2E37C9C300231678 /* Project object */;
			proxyType = 1;
			remoteGlobalIDString = D7A02B322E37C9C300231678;
			remoteInfo = "AI Helper2";
		};
		D7A02B4B2E37C9C500231678 /* PBXContainerItemProxy */ = {
			isa = PBXContainerItemProxy;
			containerPortal = D7A02B2B2E37C9C300231678 /* Project object */;
			proxyType = 1;
			remoteGlobalIDString = D7A02B322E37C9C300231678;
			remoteInfo = "AI Helper2";
		};
/* End PBXContainerItemProxy section */

/* Begin PBXFileReference section */
		D7A02B332E37C9C300231678 /* AI Helper2.app */ = {isa = PBXFileReference; explicitFileType = wrapper.application; includeInIndex = 0; path = "AI Helper2.app"; sourceTree = BUILT_PRODUCTS_DIR; };
		D7A02B402E37C9C500231678 /* AI Helper2Tests.xctest */ = {isa = PBXFileReference; explicitFileType = wrapper.cfbundle; includeInIndex = 0; path = "AI Helper2Tests.xctest"; sourceTree = BUILT_PRODUCTS_DIR; };
		D7A02B4A2E37C9C500231678 /* AI Helper2UITests.xctest */ = {isa = PBXFileReference; explicitFileType = wrapper.cfbundle; includeInIndex = 0; path = "AI Helper2UITests.xctest"; sourceTree = BUILT_PRODUCTS_DIR; };
/* End PBXFileReference section */

/* Begin PBXFileSystemSynchronizedRootGroup section */
		D7A02B352E37C9C300231678 /* AI Helper2 */ = {
			isa = PBXFileSystemSynchronizedRootGroup;
			path = "AI Helper2";
			sourceTree = "<group>";
		};
		D7A02B432E37C9C500231678 /* AI Helper2Tests */ = {
			isa = PBXFileSystemSynchronizedRootGroup;
			path = "AI Helper2Tests";
			sourceTree = "<group>";
		};
		D7A02B4D2E37C9C500231678 /* AI Helper2UITests */ = {
			isa = PBXFileSystemSynchronizedRootGroup;
			path = "AI Helper2UITests";
			sourceTree = "<group>";
		};
/* End PBXFileSystemSynchronizedRootGroup section */

/* Begin PBXFrameworksBuildPhase section */
		D7A02B302E37C9C300231678 /* Frameworks */ = {
			isa = PBXFrameworksBuildPhase;
			buildActionMask = 2147483647;
			files = (
			);
			runOnlyForDeploymentPostprocessing = 0;
		};
		D7A02B3D2E37C9C500231678 /* Frameworks */ = {
			isa = PBXFrameworksBuildPhase;
			buildActionMask = 2147483647;
			files = (
			);
			runOnlyForDeploymentPostprocessing = 0;
		};
		D7A02B472E37C9C500231678 /* Frameworks */ = {
			isa = PBXFrameworksBuildPhase;
			buildActionMask = 2147483647;
			files = (
			);
			runOnlyForDeploymentPostprocessing = 0;
		};
/* End PBXFrameworksBuildPhase section */

/* Begin PBXGroup section */
		D7A02B2A2E37C9C300231678 = {
			isa = PBXGroup;
			children = (
				D7A02B352E37C9C300231678 /* AI Helper2 */,
				D7A02B432E37C9C500231678 /* AI Helper2Tests */,
				D7A02B4D2E37C9C500231678 /* AI Helper2UITests */,
				D7A02B342E37C9C300231678 /* Products */,
			);
			sourceTree = "<group>";
		};
		D7A02B342E37C9C300231678 /* Products */ = {
			isa = PBXGroup;
			children = (
				D7A02B332E37C9C300231678 /* AI Helper2.app */,
				D7A02B402E37C9C500231678 /* AI Helper2Tests.xctest */,
				D7A02B4A2E37C9C500231678 /* AI Helper2UITests.xctest */,
			);
			name = Products;
			sourceTree = "<group>";
		};
/* End PBXGroup section */

/* Begin PBXNativeTarget section */
		D7A02B322E37C9C300231678 /* AI Helper2 */ = {
			isa = PBXNativeTarget;
			buildConfigurationList = D7A02B542E37C9C500231678 /* Build configuration list for PBXNativeTarget "AI Helper2" */;
			buildPhases = (
				D7A02B2F2E37C9C300231678 /* Sources */,
				D7A02B302E37C9C300231678 /* Frameworks */,
				D7A02B312E37C9C300231678 /* Resources */,
			);
			buildRules = (
			);
			dependencies = (
			);
			fileSystemSynchronizedGroups = (
				D7A02B352E37C9C300231678 /* AI Helper2 */,
			);
			name = "AI Helper2";
			packageProductDependencies = (
			);
			productName = "AI Helper2";
			productReference = D7A02B332E37C9C300231678 /* AI Helper2.app */;
			productType = "com.apple.product-type.application";
		};
		D7A02B3F2E37C9C500231678 /* AI Helper2Tests */ = {
			isa = PBXNativeTarget;
			buildConfigurationList = D7A02B572E37C9C500231678 /* Build configuration list for PBXNativeTarget "AI Helper2Tests" */;
			buildPhases = (
				D7A02B3C2E37C9C500231678 /* Sources */,
				D7A02B3D2E37C9C500231678 /* Frameworks */,
				D7A02B3E2E37C9C500231678 /* Resources */,
			);
			buildRules = (
			);
			dependencies = (
				D7A02B422E37C9C500231678 /* PBXTargetDependency */,
			);
			fileSystemSynchronizedGroups = (
				D7A02B432E37C9C500231678 /* AI Helper2Tests */,
			);
			name = "AI Helper2Tests";
			packageProductDependencies = (
			);
			productName = "AI Helper2Tests";
			productReference = D7A02B402E37C9C500231678 /* AI Helper2Tests.xctest */;
			productType = "com.apple.product-type.bundle.unit-test";
		};
		D7A02B492E37C9C500231678 /* AI Helper2UITests */ = {
			isa = PBXNativeTarget;
			buildConfigurationList = D7A02B5A2E37C9C500231678 /* Build configuration list for PBXNativeTarget "AI Helper2UITests" */;
			buildPhases = (
				D7A02B462E37C9C500231678 /* Sources */,
				D7A02B472E37C9C500231678 /* Frameworks */,
				D7A02B482E37C9C500231678 /* Resources */,
			);
			buildRules = (
			);
			dependencies = (
				D7A02B4C2E37C9C500231678 /* PBXTargetDependency */,
			);
			fileSystemSynchronizedGroups = (
				D7A02B4D2E37C9C500231678 /* AI Helper2UITests */,
			);
			name = "AI Helper2UITests";
			packageProductDependencies = (
			);
			productName = "AI Helper2UITests";
			productReference = D7A02B4A2E37C9C500231678 /* AI Helper2UITests.xctest */;
			productType = "com.apple.product-type.bundle.ui-testing";
		};
/* End PBXNativeTarget section */

/* Begin PBXProject section */
		D7A02B2B2E37C9C300231678 /* Project object */ = {
			isa = PBXProject;
			attributes = {
				BuildIndependentTargetsInParallel = 1;
				LastSwiftUpdateCheck = 1640;
				LastUpgradeCheck = 1640;
				TargetAttributes = {
					D7A02B322E37C9C300231678 = {
						CreatedOnToolsVersion = 16.4;
					};
					D7A02B3F2E37C9C500231678 = {
						CreatedOnToolsVersion = 16.4;
						TestTargetID = D7A02B322E37C9C300231678;
					};
					D7A02B492E37C9C500231678 = {
						CreatedOnToolsVersion = 16.4;
						TestTargetID = D7A02B322E37C9C300231678;
					};
				};
			};
			buildConfigurationList = D7A02B2E2E37C9C300231678 /* Build configuration list for PBXProject "AI Helper2" */;
			developmentRegion = en;
			hasScannedForEncodings = 0;
			knownRegions = (
				en,
				Base,
			);
			mainGroup = D7A02B2A2E37C9C300231678;
			minimizedProjectReferenceProxies = 1;
			preferredProjectObjectVersion = 77;
			productRefGroup = D7A02B342E37C9C300231678 /* Products */;
			projectDirPath = "";
			projectRoot = "";
			targets = (
				D7A02B322E37C9C300231678 /* AI Helper2 */,
				D7A02B3F2E37C9C500231678 /* AI Helper2Tests */,
				D7A02B492E37C9C500231678 /* AI Helper2UITests */,
			);
		};
/* End PBXProject section */

/* Begin PBXResourcesBuildPhase section */
		D7A02B312E37C9C300231678 /* Resources */ = {
			isa = PBXResourcesBuildPhase;
			buildActionMask = 2147483647;
			files = (
			);
			runOnlyForDeploymentPostprocessing = 0;
		};
		D7A02B3E2E37C9C500231678 /* Resources */ = {
			isa = PBXResourcesBuildPhase;
			buildActionMask = 2147483647;
			files = (
			);
			runOnlyForDeploymentPostprocessing = 0;
		};
		D7A02B482E37C9C500231678 /* Resources */ = {
			isa = PBXResourcesBuildPhase;
			buildActionMask = 2147483647;
			files = (
			);
			runOnlyForDeploymentPostprocessing = 0;
		};
/* End PBXResourcesBuildPhase section */

/* Begin PBXSourcesBuildPhase section */
		D7A02B2F2E37C9C300231678 /* Sources */ = {
			isa = PBXSourcesBuildPhase;
			buildActionMask = 2147483647;
			files = (
			);
			runOnlyForDeploymentPostprocessing = 0;
		};
		D7A02B3C2E37C9C500231678 /* Sources */ = {
			isa = PBXSourcesBuildPhase;
			buildActionMask = 2147483647;
			files = (
			);
			runOnlyForDeploymentPostprocessing = 0;
		};
		D7A02B462E37C9C500231678 /* Sources */ = {
			isa = PBXSourcesBuildPhase;
			buildActionMask = 2147483647;
			files = (
			);
			runOnlyForDeploymentPostprocessing = 0;
		};
/* End PBXSourcesBuildPhase section */

/* Begin PBXTargetDependency section */
		D7A02B422E37C9C500231678 /* PBXTargetDependency */ = {
			isa = PBXTargetDependency;
			target = D7A02B322E37C9C300231678 /* AI Helper2 */;
			targetProxy = D7A02B412E37C9C500231678 /* PBXContainerItemProxy */;
		};
		D7A02B4C2E37C9C500231678 /* PBXTargetDependency */ = {
			isa = PBXTargetDependency;
			target = D7A02B322E37C9C300231678 /* AI Helper2 */;
			targetProxy = D7A02B4B2E37C9C500231678 /* PBXContainerItemProxy */;
		};
/* End PBXTargetDependency section */

/* Begin XCBuildConfiguration section */
		D7A02B522E37C9C500231678 /* Debug */ = {
			isa = XCBuildConfiguration;
			buildSettings = {
				ALWAYS_SEARCH_USER_PATHS = NO;
				ASSETCATALOG_COMPILER_GENERATE_SWIFT_ASSET_SYMBOL_EXTENSIONS = YES;
				CLANG_ANALYZER_NONNULL = YES;
				CLANG_ANALYZER_NUMBER_OBJECT_CONVERSION = YES_AGGRESSIVE;
				CLANG_CXX_LANGUAGE_STANDARD = "gnu++20";
				CLANG_ENABLE_MODULES = YES;
				CLANG_ENABLE_OBJC_ARC = YES;
				CLANG_ENABLE_OBJC_WEAK = YES;
				CLANG_WARN_BLOCK_CAPTURE_AUTORELEASING = YES;
				CLANG_WARN_BOOL_CONVERSION = YES;
				CLANG_WARN_COMMA = YES;
				CLANG_WARN_CONSTANT_CONVERSION = YES;
				CLANG_WARN_DEPRECATED_OBJC_IMPLEMENTATIONS = YES;
				CLANG_WARN_DIRECT_OBJC_ISA_USAGE = YES_ERROR;
				CLANG_WARN_DOCUMENTATION_COMMENTS = YES;
				CLANG_WARN_EMPTY_BODY = YES;
				CLANG_WARN_ENUM_CONVERSION = YES;
				CLANG_WARN_INFINITE_RECURSION = YES;
				CLANG_WARN_INT_CONVERSION = YES;
				CLANG_WARN_NON_LITERAL_NULL_CONVERSION = YES;
				CLANG_WARN_OBJC_IMPLICIT_RETAIN_SELF = YES;
				CLANG_WARN_OBJC_LITERAL_CONVERSION = YES;
				CLANG_WARN_OBJC_ROOT_CLASS = YES_ERROR;
				CLANG_WARN_QUOTED_INCLUDE_IN_FRAMEWORK_HEADER = YES;
				CLANG_WARN_RANGE_LOOP_ANALYSIS = YES;
				CLANG_WARN_STRICT_PROTOTYPES = YES;
				CLANG_WARN_SUSPICIOUS_MOVE = YES;
				CLANG_WARN_UNGUARDED_AVAILABILITY = YES_AGGRESSIVE;
				CLANG_WARN_UNREACHABLE_CODE = YES;
				CLANG_WARN__DUPLICATE_METHOD_MATCH = YES;
				COPY_PHASE_STRIP = NO;
				DEBUG_INFORMATION_FORMAT = dwarf;
				DEVELOPMENT_TEAM = R743AM4955;
				ENABLE_STRICT_OBJC_MSGSEND = YES;
				ENABLE_TESTABILITY = YES;
				ENABLE_USER_SCRIPT_SANDBOXING = YES;
				GCC_C_LANGUAGE_STANDARD = gnu17;
				GCC_DYNAMIC_NO_PIC = NO;
				GCC_NO_COMMON_BLOCKS = YES;
				GCC_OPTIMIZATION_LEVEL = 0;
				GCC_PREPROCESSOR_DEFINITIONS = (
					"DEBUG=1",
					"$(inherited)",
				);
				GCC_WARN_64_TO_32_BIT_CONVERSION = YES;
				GCC_WARN_ABOUT_RETURN_TYPE = YES_ERROR;
				GCC_WARN_UNDECLARED_SELECTOR = YES;
				GCC_WARN_UNINITIALIZED_AUTOS = YES_AGGRESSIVE;
				GCC_WARN_UNUSED_FUNCTION = YES;
				GCC_WARN_UNUSED_VARIABLE = YES;
				IPHONEOS_DEPLOYMENT_TARGET = 18.5;
				LOCALIZATION_PREFERS_STRING_CATALOGS = YES;
				MTL_ENABLE_DEBUG_INFO = INCLUDE_SOURCE;
				MTL_FAST_MATH = YES;
				ONLY_ACTIVE_ARCH = YES;
				SDKROOT = iphoneos;
				SWIFT_ACTIVE_COMPILATION_CONDITIONS = "DEBUG $(inherited)";
				SWIFT_OPTIMIZATION_LEVEL = "-Onone";
			};
			name = Debug;
		};
		D7A02B532E37C9C500231678 /* Release */ = {
			isa = XCBuildConfiguration;
			buildSettings = {
				ALWAYS_SEARCH_USER_PATHS = NO;
				ASSETCATALOG_COMPILER_GENERATE_SWIFT_ASSET_SYMBOL_EXTENSIONS = YES;
				CLANG_ANALYZER_NONNULL = YES;
				CLANG_ANALYZER_NUMBER_OBJECT_CONVERSION = YES_AGGRESSIVE;
				CLANG_CXX_LANGUAGE_STANDARD = "gnu++20";
				CLANG_ENABLE_MODULES = YES;
				CLANG_ENABLE_OBJC_ARC = YES;
				CLANG_ENABLE_OBJC_WEAK = YES;
				CLANG_WARN_BLOCK_CAPTURE_AUTORELEASING = YES;
				CLANG_WARN_BOOL_CONVERSION = YES;
				CLANG_WARN_COMMA = YES;
				CLANG_WARN_CONSTANT_CONVERSION = YES;
				CLANG_WARN_DEPRECATED_OBJC_IMPLEMENTATIONS = YES;
				CLANG_WARN_DIRECT_OBJC_ISA_USAGE = YES_ERROR;
				CLANG_WARN_DOCUMENTATION_COMMENTS = YES;
				CLANG_WARN_EMPTY_BODY = YES;
				CLANG_WARN_ENUM_CONVERSION = YES;
				CLANG_WARN_INFINITE_RECURSION = YES;
				CLANG_WARN_INT_CONVERSION = YES;
				CLANG_WARN_NON_LITERAL_NULL_CONVERSION = YES;
				CLANG_WARN_OBJC_IMPLICIT_RETAIN_SELF = YES;
				CLANG_WARN_OBJC_LITERAL_CONVERSION = YES;
				CLANG_WARN_OBJC_ROOT_CLASS = YES_ERROR;
				CLANG_WARN_QUOTED_INCLUDE_IN_FRAMEWORK_HEADER = YES;
				CLANG_WARN_RANGE_LOOP_ANALYSIS = YES;
				CLANG_WARN_STRICT_PROTOTYPES = YES;
				CLANG_WARN_SUSPICIOUS_MOVE = YES;
				CLANG_WARN_UNGUARDED_AVAILABILITY = YES_AGGRESSIVE;
				CLANG_WARN_UNREACHABLE_CODE = YES;
				CLANG_WARN__DUPLICATE_METHOD_MATCH = YES;
				COPY_PHASE_STRIP = NO;
				DEBUG_INFORMATION_FORMAT = "dwarf-with-dsym";
				DEVELOPMENT_TEAM = R743AM4955;
				ENABLE_NS_ASSERTIONS = NO;
				ENABLE_STRICT_OBJC_MSGSEND = YES;
				ENABLE_USER_SCRIPT_SANDBOXING = YES;
				GCC_C_LANGUAGE_STANDARD = gnu17;
				GCC_NO_COMMON_BLOCKS = YES;
				GCC_WARN_64_TO_32_BIT_CONVERSION = YES;
				GCC_WARN_ABOUT_RETURN_TYPE = YES_ERROR;
				GCC_WARN_UNDECLARED_SELECTOR = YES;
				GCC_WARN_UNINITIALIZED_AUTOS = YES_AGGRESSIVE;
				GCC_WARN_UNUSED_FUNCTION = YES;
				GCC_WARN_UNUSED_VARIABLE = YES;
				IPHONEOS_DEPLOYMENT_TARGET = 18.5;
				LOCALIZATION_PREFERS_STRING_CATALOGS = YES;
				MTL_ENABLE_DEBUG_INFO = NO;
				MTL_FAST_MATH = YES;
				SDKROOT = iphoneos;
				SWIFT_COMPILATION_MODE = wholemodule;
				VALIDATE_PRODUCT = YES;
			};
			name = Release;
		};
		D7A02B552E37C9C500231678 /* Debug */ = {
			isa = XCBuildConfiguration;
			buildSettings = {
				ASSETCATALOG_COMPILER_APPICON_NAME = AppIcon;
				ASSETCATALOG_COMPILER_GLOBAL_ACCENT_COLOR_NAME = AccentColor;
				CODE_SIGN_STYLE = Automatic;
				CURRENT_PROJECT_VERSION = 1;
				DEVELOPMENT_TEAM = R743AM4955;
				ENABLE_PREVIEWS = YES;
				GENERATE_INFOPLIST_FILE = YES;
				INFOPLIST_KEY_NSMicrophoneUsageDescription = "We need microphone to record your voice input.";
				INFOPLIST_KEY_NSSpeechRecognitionUsageDescription = "We need speech recognition to convert your voice input into text for creating calendar events.";
				INFOPLIST_KEY_UIApplicationSceneManifest_Generation = YES;
				INFOPLIST_KEY_UIApplicationSupportsIndirectInputEvents = YES;
				INFOPLIST_KEY_UILaunchScreen_Generation = YES;
				INFOPLIST_KEY_UISupportedInterfaceOrientations_iPad = "UIInterfaceOrientationPortrait UIInterfaceOrientationPortraitUpsideDown UIInterfaceOrientationLandscapeLeft UIInterfaceOrientationLandscapeRight";
				INFOPLIST_KEY_UISupportedInterfaceOrientations_iPhone = "UIInterfaceOrientationPortrait UIInterfaceOrientationLandscapeLeft UIInterfaceOrientationLandscapeRight";
				LD_RUNPATH_SEARCH_PATHS = (
					"$(inherited)",
					"@executable_path/Frameworks",
				);
				MARKETING_VERSION = 1.0;
				PRODUCT_BUNDLE_IDENTIFIER = "me.xiao.qinbang.AI-Helper2";
				PRODUCT_NAME = "$(TARGET_NAME)";
				SWIFT_EMIT_LOC_STRINGS = YES;
				SWIFT_VERSION = 5.0;
				TARGETED_DEVICE_FAMILY = "1,2";
			};
			name = Debug;
		};
		D7A02B562E37C9C500231678 /* Release */ = {
			isa = XCBuildConfiguration;
			buildSettings = {
				ASSETCATALOG_COMPILER_APPICON_NAME = AppIcon;
				ASSETCATALOG_COMPILER_GLOBAL_ACCENT_COLOR_NAME = AccentColor;
				CODE_SIGN_STYLE = Automatic;
				CURRENT_PROJECT_VERSION = 1;
				DEVELOPMENT_TEAM = R743AM4955;
				ENABLE_PREVIEWS = YES;
				GENERATE_INFOPLIST_FILE = YES;
				INFOPLIST_KEY_NSMicrophoneUsageDescription = "We need microphone to record your voice input.";
				INFOPLIST_KEY_NSSpeechRecognitionUsageDescription = "We need speech recognition to convert your voice input into text for creating calendar events.";
				INFOPLIST_KEY_UIApplicationSceneManifest_Generation = YES;
				INFOPLIST_KEY_UIApplicationSupportsIndirectInputEvents = YES;
				INFOPLIST_KEY_UILaunchScreen_Generation = YES;
				INFOPLIST_KEY_UISupportedInterfaceOrientations_iPad = "UIInterfaceOrientationPortrait UIInterfaceOrientationPortraitUpsideDown UIInterfaceOrientationLandscapeLeft UIInterfaceOrientationLandscapeRight";
				INFOPLIST_KEY_UISupportedInterfaceOrientations_iPhone = "UIInterfaceOrientationPortrait UIInterfaceOrientationLandscapeLeft UIInterfaceOrientationLandscapeRight";
				LD_RUNPATH_SEARCH_PATHS = (
					"$(inherited)",
					"@executable_path/Frameworks",
				);
				MARKETING_VERSION = 1.0;
				PRODUCT_BUNDLE_IDENTIFIER = "me.xiao.qinbang.AI-Helper2";
				PRODUCT_NAME = "$(TARGET_NAME)";
				SWIFT_EMIT_LOC_STRINGS = YES;
				SWIFT_VERSION = 5.0;
				TARGETED_DEVICE_FAMILY = "1,2";
			};
			name = Release;
		};
		D7A02B582E37C9C500231678 /* Debug */ = {
			isa = XCBuildConfiguration;
			buildSettings = {
				BUNDLE_LOADER = "$(TEST_HOST)";
				CODE_SIGN_STYLE = Automatic;
				CURRENT_PROJECT_VERSION = 1;
				DEVELOPMENT_TEAM = R743AM4955;
				GENERATE_INFOPLIST_FILE = YES;
				IPHONEOS_DEPLOYMENT_TARGET = 18.5;
				MARKETING_VERSION = 1.0;
				PRODUCT_BUNDLE_IDENTIFIER = "me.xiao.qinbang.AI-Helper2Tests";
				PRODUCT_NAME = "$(TARGET_NAME)";
				SWIFT_EMIT_LOC_STRINGS = NO;
				SWIFT_VERSION = 5.0;
				TARGETED_DEVICE_FAMILY = "1,2";
				TEST_HOST = "$(BUILT_PRODUCTS_DIR)/AI Helper2.app/$(BUNDLE_EXECUTABLE_FOLDER_PATH)/AI Helper2";
			};
			name = Debug;
		};
		D7A02B592E37C9C500231678 /* Release */ = {
			isa = XCBuildConfiguration;
			buildSettings = {
				BUNDLE_LOADER = "$(TEST_HOST)";
				CODE_SIGN_STYLE = Automatic;
				CURRENT_PROJECT_VERSION = 1;
				DEVELOPMENT_TEAM = R743AM4955;
				GENERATE_INFOPLIST_FILE = YES;
				IPHONEOS_DEPLOYMENT_TARGET = 18.5;
				MARKETING_VERSION = 1.0;
				PRODUCT_BUNDLE_IDENTIFIER = "me.xiao.qinbang.AI-Helper2Tests";
				PRODUCT_NAME = "$(TARGET_NAME)";
				SWIFT_EMIT_LOC_STRINGS = NO;
				SWIFT_VERSION = 5.0;
				TARGETED_DEVICE_FAMILY = "1,2";
				TEST_HOST = "$(BUILT_PRODUCTS_DIR)/AI Helper2.app/$(BUNDLE_EXECUTABLE_FOLDER_PATH)/AI Helper2";
			};
			name = Release;
		};
		D7A02B5B2E37C9C500231678 /* Debug */ = {
			isa = XCBuildConfiguration;
			buildSettings = {
				CODE_SIGN_STYLE = Automatic;
				CURRENT_PROJECT_VERSION = 1;
				DEVELOPMENT_TEAM = R743AM4955;
				GENERATE_INFOPLIST_FILE = YES;
				MARKETING_VERSION = 1.0;
				PRODUCT_BUNDLE_IDENTIFIER = "me.xiao.qinbang.AI-Helper2UITests";
				PRODUCT_NAME = "$(TARGET_NAME)";
				SWIFT_EMIT_LOC_STRINGS = NO;
				SWIFT_VERSION = 5.0;
				TARGETED_DEVICE_FAMILY = "1,2";
				TEST_TARGET_NAME = "AI Helper2";
			};
			name = Debug;
		};
		D7A02B5C2E37C9C500231678 /* Release */ = {
			isa = XCBuildConfiguration;
			buildSettings = {
				CODE_SIGN_STYLE = Automatic;
				CURRENT_PROJECT_VERSION = 1;
				DEVELOPMENT_TEAM = R743AM4955;
				GENERATE_INFOPLIST_FILE = YES;
				MARKETING_VERSION = 1.0;
				PRODUCT_BUNDLE_IDENTIFIER = "me.xiao.qinbang.AI-Helper2UITests";
				PRODUCT_NAME = "$(TARGET_NAME)";
				SWIFT_EMIT_LOC_STRINGS = NO;
				SWIFT_VERSION = 5.0;
				TARGETED_DEVICE_FAMILY = "1,2";
				TEST_TARGET_NAME = "AI Helper2";
			};
			name = Release;
		};
/* End XCBuildConfiguration section */

/* Begin XCConfigurationList section */
		D7A02B2E2E37C9C300231678 /* Build configuration list for PBXProject "AI Helper2" */ = {
			isa = XCConfigurationList;
			buildConfigurations = (
				D7A02B522E37C9C500231678 /* Debug */,
				D7A02B532E37C9C500231678 /* Release */,
			);
			defaultConfigurationIsVisible = 0;
			defaultConfigurationName = Release;
		};
		D7A02B542E37C9C500231678 /* Build configuration list for PBXNativeTarget "AI Helper2" */ = {
			isa = XCConfigurationList;
			buildConfigurations = (
				D7A02B552E37C9C500231678 /* Debug */,
				D7A02B562E37C9C500231678 /* Release */,
			);
			defaultConfigurationIsVisible = 0;
			defaultConfigurationName = Release;
		};
		D7A02B572E37C9C500231678 /* Build configuration list for PBXNativeTarget "AI Helper2Tests" */ = {
			isa = XCConfigurationList;
			buildConfigurations = (
				D7A02B582E37C9C500231678 /* Debug */,
				D7A02B592E37C9C500231678 /* Release */,
			);
			defaultConfigurationIsVisible = 0;
			defaultConfigurationName = Release;
		};
		D7A02B5A2E37C9C500231678 /* Build configuration list for PBXNativeTarget "AI Helper2UITests" */ = {
			isa = XCConfigurationList;
			buildConfigurations = (
				D7A02B5B2E37C9C500231678 /* Debug */,
				D7A02B5C2E37C9C500231678 /* Release */,
			);
			defaultConfigurationIsVisible = 0;
			defaultConfigurationName = Release;
		};
/* End XCConfigurationList section */
	};
	rootObject = D7A02B2B2E37C9C300231678 /* Project object */;
}
